
Microsoft Visual Studio Solution File, Format Version 12.00
# Visual Studio 15
VisualStudioVersion = 15.0.28307.1209
MinimumVisualStudioVersion = 10.0.40219.1
Project("{9A19103F-16F7-4668-BE54-9A1E7A4F7556}") = "WorldTwists", "WorldTwists.csproj", "{89FFE329-C302-4C50-8573-B933AD2C62A4}"
EndProject
Global
	GlobalSection(SolutionConfigurationPlatforms) = preSolution
		Debug|Any CPU = Debug|Any CPU
		Release|Any CPU = Release|Any CPU
	EndGlobalSection
	GlobalSection(ProjectConfigurationPlatforms) = postSolution
		{89FFE329-C302-4C50-8573-B933AD2C62A4}.Debug|Any CPU.ActiveCfg = Debug|Any CPU
		{89FFE329-C302-4C50-8573-B933AD2C62A4}.Debug|Any CPU.Build.0 = Debug|Any CPU
		{89FFE329-C302-4C50-8573-B933AD2C62A4}.Release|Any CPU.ActiveCfg = Release|Any CPU
		{89FFE329-C302-4C50-8573-B933AD2C62A4}.Release|Any CPU.Build.0 = Release|Any CPU
	EndGlobalSection
	GlobalSection(SolutionProperties) = preSolution
		HideSolutionNode = FALSE
	EndGlobalSection
	GlobalSection(ExtensibilityGlobals) = postSolution
		SolutionGuid = {5FCACE35-4387-4337-8F30-01169DA96533}
	EndGlobalSection
EndGlobal
